
Microsoft Visual Studio Solution File, Format Version 12.00
# Visual Studio 15
VisualStudioVersion = 15.0.26730.12
MinimumVisualStudioVersion = 10.0.40219.1
Project("{FAE04EC0-301F-11D3-BF4B-00C04F79EFBC}") = "OpenNFSUI", "OpenNFS\OpenNFSUI.csproj", "{5C7C7F7F-CF4E-4218-90E4-7F9BD99C2772}"
EndProject
Project("{FAE04EC0-301F-11D3-BF4B-00C04F79EFBC}") = "LibOpenNFS", "LibOpenNFS\LibOpenNFS.csproj", "{439C5938-86C2-41B9-B9AB-239ADE8B4441}"
EndProject
Project("{FAE04EC0-301F-11D3-BF4B-00C04F79EFBC}") = "OpenNFSCLI", "OpenNFSCLI\OpenNFSCLI.csproj", "{289A0B2E-C46A-4E2B-AEA8-19B66150603D}"
EndProject
Global
	GlobalSection(SolutionConfigurationPlatforms) = preSolution
		Debug|Any CPU = Debug|Any CPU
		Release|Any CPU = Release|Any CPU
	EndGlobalSection
	GlobalSection(ProjectConfigurationPlatforms) = postSolution
		{5C7C7F7F-CF4E-4218-90E4-7F9BD99C2772}.Debug|Any CPU.ActiveCfg = Debug|Any CPU
		{5C7C7F7F-CF4E-4218-90E4-7F9BD99C2772}.Debug|Any CPU.Build.0 = Debug|Any CPU
		{5C7C7F7F-CF4E-4218-90E4-7F9BD99C2772}.Release|Any CPU.ActiveCfg = Release|Any CPU
		{5C7C7F7F-CF4E-4218-90E4-7F9BD99C2772}.Release|Any CPU.Build.0 = Release|Any CPU
		{439C5938-86C2-41B9-B9AB-239ADE8B4441}.Debug|Any CPU.ActiveCfg = Debug|Any CPU
		{439C5938-86C2-41B9-B9AB-239ADE8B4441}.Debug|Any CPU.Build.0 = Debug|Any CPU
		{439C5938-86C2-41B9-B9AB-239ADE8B4441}.Release|Any CPU.ActiveCfg = Release|Any CPU
		{439C5938-86C2-41B9-B9AB-239ADE8B4441}.Release|Any CPU.Build.0 = Release|Any CPU
		{289A0B2E-C46A-4E2B-AEA8-19B66150603D}.Debug|Any CPU.ActiveCfg = Debug|Any CPU
		{289A0B2E-C46A-4E2B-AEA8-19B66150603D}.Debug|Any CPU.Build.0 = Debug|Any CPU
		{289A0B2E-C46A-4E2B-AEA8-19B66150603D}.Release|Any CPU.ActiveCfg = Release|Any CPU
		{289A0B2E-C46A-4E2B-AEA8-19B66150603D}.Release|Any CPU.Build.0 = Release|Any CPU
	EndGlobalSection
	GlobalSection(SolutionProperties) = preSolution
		HideSolutionNode = FALSE
	EndGlobalSection
	GlobalSection(ExtensibilityGlobals) = postSolution
		SolutionGuid = {E4A631F5-5A71-44AD-BEF5-CB3343287658}
	EndGlobalSection
EndGlobal
