
Microsoft Visual Studio Solution File, Format Version 12.00
# Visual Studio 15
VisualStudioVersion = 15.0.27130.2036
MinimumVisualStudioVersion = 10.0.40219.1
Project("{FAE04EC0-301F-11D3-BF4B-00C04F79EFBC}") = "LibOpenNFS", "LibOpenNFS\LibOpenNFS.csproj", "{439C5938-86C2-41B9-B9AB-239ADE8B4441}"
EndProject
Project("{FAE04EC0-301F-11D3-BF4B-00C04F79EFBC}") = "OpenNFSCLI", "OpenNFSCLI\OpenNFSCLI.csproj", "{289A0B2E-C46A-4E2B-AEA8-19B66150603D}"
EndProject
Project("{FAE04EC0-301F-11D3-BF4B-00C04F79EFBC}") = "OpenNFSUI", "OpenNFSUI\OpenNFSUI.csproj", "{942B1D1C-264D-41D7-A6DC-42A7842AB182}"
	ProjectSection(ProjectDependencies) = postProject
		{439C5938-86C2-41B9-B9AB-239ADE8B4441} = {439C5938-86C2-41B9-B9AB-239ADE8B4441}
	EndProjectSection
EndProject
Project("{FAE04EC0-301F-11D3-BF4B-00C04F79EFBC}") = "WpfUi", "WpfUi\WpfUi.csproj", "{05884029-15A2-45E3-9288-B91FD2D8AD87}"
EndProject
Global
	GlobalSection(SolutionConfigurationPlatforms) = preSolution
		Debug|Any CPU = Debug|Any CPU
		Release|Any CPU = Release|Any CPU
	EndGlobalSection
	GlobalSection(ProjectConfigurationPlatforms) = postSolution
		{439C5938-86C2-41B9-B9AB-239ADE8B4441}.Debug|Any CPU.ActiveCfg = Debug|Any CPU
		{439C5938-86C2-41B9-B9AB-239ADE8B4441}.Debug|Any CPU.Build.0 = Debug|Any CPU
		{439C5938-86C2-41B9-B9AB-239ADE8B4441}.Release|Any CPU.ActiveCfg = Release|Any CPU
		{439C5938-86C2-41B9-B9AB-239ADE8B4441}.Release|Any CPU.Build.0 = Release|Any CPU
		{289A0B2E-C46A-4E2B-AEA8-19B66150603D}.Debug|Any CPU.ActiveCfg = Debug|Any CPU
		{289A0B2E-C46A-4E2B-AEA8-19B66150603D}.Debug|Any CPU.Build.0 = Debug|Any CPU
		{289A0B2E-C46A-4E2B-AEA8-19B66150603D}.Release|Any CPU.ActiveCfg = Release|Any CPU
		{289A0B2E-C46A-4E2B-AEA8-19B66150603D}.Release|Any CPU.Build.0 = Release|Any CPU
		{942B1D1C-264D-41D7-A6DC-42A7842AB182}.Debug|Any CPU.ActiveCfg = Debug|Any CPU
		{942B1D1C-264D-41D7-A6DC-42A7842AB182}.Debug|Any CPU.Build.0 = Debug|Any CPU
		{942B1D1C-264D-41D7-A6DC-42A7842AB182}.Release|Any CPU.ActiveCfg = Release|Any CPU
		{942B1D1C-264D-41D7-A6DC-42A7842AB182}.Release|Any CPU.Build.0 = Release|Any CPU
		{05884029-15A2-45E3-9288-B91FD2D8AD87}.Debug|Any CPU.ActiveCfg = Debug|Any CPU
		{05884029-15A2-45E3-9288-B91FD2D8AD87}.Debug|Any CPU.Build.0 = Debug|Any CPU
		{05884029-15A2-45E3-9288-B91FD2D8AD87}.Release|Any CPU.ActiveCfg = Release|Any CPU
		{05884029-15A2-45E3-9288-B91FD2D8AD87}.Release|Any CPU.Build.0 = Release|Any CPU
	EndGlobalSection
	GlobalSection(SolutionProperties) = preSolution
		HideSolutionNode = FALSE
	EndGlobalSection
	GlobalSection(ExtensibilityGlobals) = postSolution
		SolutionGuid = {E4A631F5-5A71-44AD-BEF5-CB3343287658}
	EndGlobalSection
EndGlobal
